Microsoft Visual Studio Solution File, Format Version 12.00
# Visual Studio Version 17
VisualStudioVersion = 17.6.33723.286
MinimumVisualStudioVersion = 10.0.40219.1
Project("{e92c8fe6-e9e5-45af-ad2f-d2aaa6a98936}") = "OrenoPCF", "OrenoPCF\OrenoPCF.csproj", "{1e23659c-262c-4022-a4cf-cacedd26db64]}"
EndProject
Global
	GlobalSection(SolutionConfigurationPlatforms) = preSolution
		Debug|Any CPU = Debug|Any CPU
		Release|Any CPU = Release|Any CPU
	EndGlobalSection
	GlobalSection(ProjectConfigurationPlatforms) = postSolution
		{1e23659c-262c-4022-a4cf-cacedd26db64}.Debug|Any CPU.ActiveCfg = Debug|Any CPU
		{1e23659c-262c-4022-a4cf-cacedd26db64}.Debug|Any CPU.Build.0 = Debug|Any CPU
		{1e23659c-262c-4022-a4cf-cacedd26db64}.Release|Any CPU.ActiveCfg = Release|Any CPU
		{1e23659c-262c-4022-a4cf-cacedd26db64}.Release|Any CPU.Build.0 = Release|Any CPU
	EndGlobalSection
	GlobalSection(SolutionProperties) = preSolution
		HideSolutionNode = FALSE
	EndGlobalSection
	GlobalSection(ExtensibilityGlobals) = postSolution
		SolutionGuid = {76108e12-88b3-4f39-bbd8-e1fda4e0878b}
	EndGlobalSection
EndGlobal
