Microsoft Visual Studio Solution File, Format Version 12.00
# Visual Studio Version 17
VisualStudioVersion = 17.6.33723.286
MinimumVisualStudioVersion = 10.0.40219.1
Project("{9A19103F-16F7-4668-BE54-9A1E7A4F7556}") = "OrenoPCF", "OrenoPCF\OrenoPCF.csproj", "{C9EA4A07-D3BD-414F-850F-4396FC5D2465}"
EndProject
Global
	GlobalSection(SolutionConfigurationPlatforms) = preSolution
		Debug|Any CPU = Debug|Any CPU
		Release|Any CPU = Release|Any CPU
	EndGlobalSection
	GlobalSection(ProjectConfigurationPlatforms) = postSolution
		{C9EA4A07-D3BD-414F-850F-4396FC5D2465}.Debug|Any CPU.ActiveCfg = Debug|Any CPU
		{C9EA4A07-D3BD-414F-850F-4396FC5D2465}.Debug|Any CPU.Build.0 = Debug|Any CPU
		{C9EA4A07-D3BD-414F-850F-4396FC5D2465}.Release|Any CPU.ActiveCfg = Release|Any CPU
		{C9EA4A07-D3BD-414F-850F-4396FC5D2465}.Release|Any CPU.Build.0 = Release|Any CPU
	EndGlobalSection
	GlobalSection(SolutionProperties) = preSolution
		HideSolutionNode = FALSE
	EndGlobalSection
	GlobalSection(ExtensibilityGlobals) = postSolution
		SolutionGuid = {76108e12-88b3-4f39-bbd8-e1fda4e0878b}
	EndGlobalSection
EndGlobal
